
Microsoft Visual Studio Solution File, Format Version 12.00
# Visual Studio Version 16
VisualStudioVersion = 16.0.810.23
MinimumVisualStudioVersion = 10.0.40219.1
Project("{FAE04EC0-301F-11D3-BF4B-00C04F79EFBC}") = "Gravimetry.Android", "Gravimetry.Android\Gravimetry.Android.csproj", "{EA45DB48-38A2-4BA3-9BC9-93F94D037C79}"
EndProject
Project("{FAE04EC0-301F-11D3-BF4B-00C04F79EFBC}") = "Gravimetry.iOS", "Gravimetry.iOS\Gravimetry.iOS.csproj", "{282BEFE2-A24C-49F1-BBAA-17F54B8C064F}"
EndProject
Project("{FAE04EC0-301F-11D3-BF4B-00C04F79EFBC}") = "Gravimetry", "Gravimetry\Gravimetry.csproj", "{240ED85F-B729-4782-AA73-B306F5FB1029}"
EndProject
Project("{FAE04EC0-301F-11D3-BF4B-00C04F79EFBC}") = "Gravimetry.UnitTests", "Gravimetry.UnitTests\Gravimetry.UnitTests.csproj", "{DE5E5B53-D64E-429B-9581-AEA820015CFD}"
EndProject
Project("{FAE04EC0-301F-11D3-BF4B-00C04F79EFBC}") = "Gravimetry.UiTests", "Gravimetry.UiTests\Gravimetry.UiTests.csproj", "{37FAEDB2-DB95-4D1E-8298-F45BAF723282}"
EndProject
Global
	GlobalSection(SolutionConfigurationPlatforms) = preSolution
		Debug|Any CPU = Debug|Any CPU
		Release|Any CPU = Release|Any CPU
		Debug|iPhoneSimulator = Debug|iPhoneSimulator
		Release|iPhoneSimulator = Release|iPhoneSimulator
		Debug|iPhone = Debug|iPhone
		Release|iPhone = Release|iPhone
	EndGlobalSection
	GlobalSection(ProjectConfigurationPlatforms) = postSolution
		{EA45DB48-38A2-4BA3-9BC9-93F94D037C79}.Debug|Any CPU.ActiveCfg = Debug|Any CPU
		{EA45DB48-38A2-4BA3-9BC9-93F94D037C79}.Debug|Any CPU.Build.0 = Debug|Any CPU
		{EA45DB48-38A2-4BA3-9BC9-93F94D037C79}.Release|Any CPU.ActiveCfg = Release|Any CPU
		{EA45DB48-38A2-4BA3-9BC9-93F94D037C79}.Release|Any CPU.Build.0 = Release|Any CPU
		{EA45DB48-38A2-4BA3-9BC9-93F94D037C79}.Debug|iPhoneSimulator.ActiveCfg = Debug|Any CPU
		{EA45DB48-38A2-4BA3-9BC9-93F94D037C79}.Debug|iPhoneSimulator.Build.0 = Debug|Any CPU
		{EA45DB48-38A2-4BA3-9BC9-93F94D037C79}.Release|iPhoneSimulator.ActiveCfg = Release|Any CPU
		{EA45DB48-38A2-4BA3-9BC9-93F94D037C79}.Release|iPhoneSimulator.Build.0 = Release|Any CPU
		{EA45DB48-38A2-4BA3-9BC9-93F94D037C79}.Debug|iPhone.ActiveCfg = Debug|Any CPU
		{EA45DB48-38A2-4BA3-9BC9-93F94D037C79}.Debug|iPhone.Build.0 = Debug|Any CPU
		{EA45DB48-38A2-4BA3-9BC9-93F94D037C79}.Release|iPhone.ActiveCfg = Release|Any CPU
		{EA45DB48-38A2-4BA3-9BC9-93F94D037C79}.Release|iPhone.Build.0 = Release|Any CPU
		{282BEFE2-A24C-49F1-BBAA-17F54B8C064F}.Debug|Any CPU.ActiveCfg = Debug|iPhoneSimulator
		{282BEFE2-A24C-49F1-BBAA-17F54B8C064F}.Debug|Any CPU.Build.0 = Debug|iPhoneSimulator
		{282BEFE2-A24C-49F1-BBAA-17F54B8C064F}.Release|Any CPU.ActiveCfg = Release|iPhoneSimulator
		{282BEFE2-A24C-49F1-BBAA-17F54B8C064F}.Release|Any CPU.Build.0 = Release|iPhoneSimulator
		{282BEFE2-A24C-49F1-BBAA-17F54B8C064F}.Debug|iPhoneSimulator.ActiveCfg = Debug|iPhoneSimulator
		{282BEFE2-A24C-49F1-BBAA-17F54B8C064F}.Debug|iPhoneSimulator.Build.0 = Debug|iPhoneSimulator
		{282BEFE2-A24C-49F1-BBAA-17F54B8C064F}.Release|iPhoneSimulator.ActiveCfg = Release|iPhoneSimulator
		{282BEFE2-A24C-49F1-BBAA-17F54B8C064F}.Release|iPhoneSimulator.Build.0 = Release|iPhoneSimulator
		{282BEFE2-A24C-49F1-BBAA-17F54B8C064F}.Debug|iPhone.ActiveCfg = Debug|iPhone
		{282BEFE2-A24C-49F1-BBAA-17F54B8C064F}.Debug|iPhone.Build.0 = Debug|iPhone
		{282BEFE2-A24C-49F1-BBAA-17F54B8C064F}.Release|iPhone.ActiveCfg = Release|iPhone
		{282BEFE2-A24C-49F1-BBAA-17F54B8C064F}.Release|iPhone.Build.0 = Release|iPhone
		{240ED85F-B729-4782-AA73-B306F5FB1029}.Debug|Any CPU.ActiveCfg = Debug|Any CPU
		{240ED85F-B729-4782-AA73-B306F5FB1029}.Debug|Any CPU.Build.0 = Debug|Any CPU
		{240ED85F-B729-4782-AA73-B306F5FB1029}.Release|Any CPU.ActiveCfg = Release|Any CPU
		{240ED85F-B729-4782-AA73-B306F5FB1029}.Release|Any CPU.Build.0 = Release|Any CPU
		{240ED85F-B729-4782-AA73-B306F5FB1029}.Debug|iPhoneSimulator.ActiveCfg = Debug|Any CPU
		{240ED85F-B729-4782-AA73-B306F5FB1029}.Debug|iPhoneSimulator.Build.0 = Debug|Any CPU
		{240ED85F-B729-4782-AA73-B306F5FB1029}.Release|iPhoneSimulator.ActiveCfg = Release|Any CPU
		{240ED85F-B729-4782-AA73-B306F5FB1029}.Release|iPhoneSimulator.Build.0 = Release|Any CPU
		{240ED85F-B729-4782-AA73-B306F5FB1029}.Debug|iPhone.ActiveCfg = Debug|Any CPU
		{240ED85F-B729-4782-AA73-B306F5FB1029}.Debug|iPhone.Build.0 = Debug|Any CPU
		{240ED85F-B729-4782-AA73-B306F5FB1029}.Release|iPhone.ActiveCfg = Release|Any CPU
		{240ED85F-B729-4782-AA73-B306F5FB1029}.Release|iPhone.Build.0 = Release|Any CPU
		{DE5E5B53-D64E-429B-9581-AEA820015CFD}.Debug|Any CPU.ActiveCfg = Debug|Any CPU
		{DE5E5B53-D64E-429B-9581-AEA820015CFD}.Debug|Any CPU.Build.0 = Debug|Any CPU
		{DE5E5B53-D64E-429B-9581-AEA820015CFD}.Release|Any CPU.ActiveCfg = Release|Any CPU
		{DE5E5B53-D64E-429B-9581-AEA820015CFD}.Release|Any CPU.Build.0 = Release|Any CPU
		{DE5E5B53-D64E-429B-9581-AEA820015CFD}.Debug|iPhoneSimulator.ActiveCfg = Debug|Any CPU
		{DE5E5B53-D64E-429B-9581-AEA820015CFD}.Debug|iPhoneSimulator.Build.0 = Debug|Any CPU
		{DE5E5B53-D64E-429B-9581-AEA820015CFD}.Release|iPhoneSimulator.ActiveCfg = Release|Any CPU
		{DE5E5B53-D64E-429B-9581-AEA820015CFD}.Release|iPhoneSimulator.Build.0 = Release|Any CPU
		{DE5E5B53-D64E-429B-9581-AEA820015CFD}.Debug|iPhone.ActiveCfg = Debug|Any CPU
		{DE5E5B53-D64E-429B-9581-AEA820015CFD}.Debug|iPhone.Build.0 = Debug|Any CPU
		{DE5E5B53-D64E-429B-9581-AEA820015CFD}.Release|iPhone.ActiveCfg = Release|Any CPU
		{DE5E5B53-D64E-429B-9581-AEA820015CFD}.Release|iPhone.Build.0 = Release|Any CPU
		{37FAEDB2-DB95-4D1E-8298-F45BAF723282}.Debug|Any CPU.ActiveCfg = Debug|Any CPU
		{37FAEDB2-DB95-4D1E-8298-F45BAF723282}.Debug|Any CPU.Build.0 = Debug|Any CPU
		{37FAEDB2-DB95-4D1E-8298-F45BAF723282}.Release|Any CPU.ActiveCfg = Release|Any CPU
		{37FAEDB2-DB95-4D1E-8298-F45BAF723282}.Release|Any CPU.Build.0 = Release|Any CPU
		{37FAEDB2-DB95-4D1E-8298-F45BAF723282}.Debug|iPhoneSimulator.ActiveCfg = Debug|Any CPU
		{37FAEDB2-DB95-4D1E-8298-F45BAF723282}.Debug|iPhoneSimulator.Build.0 = Debug|Any CPU
		{37FAEDB2-DB95-4D1E-8298-F45BAF723282}.Release|iPhoneSimulator.ActiveCfg = Release|Any CPU
		{37FAEDB2-DB95-4D1E-8298-F45BAF723282}.Release|iPhoneSimulator.Build.0 = Release|Any CPU
		{37FAEDB2-DB95-4D1E-8298-F45BAF723282}.Debug|iPhone.ActiveCfg = Debug|Any CPU
		{37FAEDB2-DB95-4D1E-8298-F45BAF723282}.Debug|iPhone.Build.0 = Debug|Any CPU
		{37FAEDB2-DB95-4D1E-8298-F45BAF723282}.Release|iPhone.ActiveCfg = Release|Any CPU
		{37FAEDB2-DB95-4D1E-8298-F45BAF723282}.Release|iPhone.Build.0 = Release|Any CPU
	EndGlobalSection
	GlobalSection(SolutionProperties) = preSolution
		HideSolutionNode = FALSE
	EndGlobalSection
	GlobalSection(ExtensibilityGlobals) = postSolution
		SolutionGuid = {7C113B6A-D9C3-40C5-B756-C0AAF90A8021}
	EndGlobalSection
EndGlobal
